
Microsoft Visual Studio Solution File, Format Version 12.00
# Visual Studio Version 17
VisualStudioVersion = 17.5.002.0
MinimumVisualStudioVersion = 10.0.40219.1
Project("{9A19103F-16F7-4668-BE54-9A1E7A4F7556}") = "DentalClinic", "DentalClinic.csproj", "{16A0EFAB-EE7C-44BD-A190-918486C95A50}"
EndProject
Global
	GlobalSection(SolutionConfigurationPlatforms) = preSolution
		Debug|Any CPU = Debug|Any CPU
		Release|Any CPU = Release|Any CPU
	EndGlobalSection
	GlobalSection(ProjectConfigurationPlatforms) = postSolution
		{16A0EFAB-EE7C-44BD-A190-918486C95A50}.Debug|Any CPU.ActiveCfg = Debug|Any CPU
		{16A0EFAB-EE7C-44BD-A190-918486C95A50}.Debug|Any CPU.Build.0 = Debug|Any CPU
		{16A0EFAB-EE7C-44BD-A190-918486C95A50}.Release|Any CPU.ActiveCfg = Release|Any CPU
		{16A0EFAB-EE7C-44BD-A190-918486C95A50}.Release|Any CPU.Build.0 = Release|Any CPU
	EndGlobalSection
	GlobalSection(SolutionProperties) = preSolution
		HideSolutionNode = FALSE
	EndGlobalSection
	GlobalSection(ExtensibilityGlobals) = postSolution
		SolutionGuid = {328A7FB8-EFF3-4D59-82B9-9F3C3D298549}
	EndGlobalSection
EndGlobal
